
Microsoft Visual Studio Solution File, Format Version 12.00
# Visual Studio 15
VisualStudioVersion = 15.0.28010.2046
MinimumVisualStudioVersion = 10.0.40219.1
Project("{FAE04EC0-301F-11D3-BF4B-00C04F79EFBC}") = "PicResizer", "PicResizer.csproj", "{364B1559-CDAA-4CE7-9ADF-50C6DDBA5E5B}"
EndProject
Project("{9A19103F-16F7-4668-BE54-9A1E7A4F7556}") = "Cartomatic.Utils", "..\..\Cartomatic\Utils\Cartomatic.Utils\Cartomatic.Utils.csproj", "{868FFC3E-9913-422D-8718-6B1BBAD84834}"
EndProject
Global
	GlobalSection(SolutionConfigurationPlatforms) = preSolution
		Debug|Any CPU = Debug|Any CPU
		Release|Any CPU = Release|Any CPU
	EndGlobalSection
	GlobalSection(ProjectConfigurationPlatforms) = postSolution
		{364B1559-CDAA-4CE7-9ADF-50C6DDBA5E5B}.Debug|Any CPU.ActiveCfg = Debug|Any CPU
		{364B1559-CDAA-4CE7-9ADF-50C6DDBA5E5B}.Debug|Any CPU.Build.0 = Debug|Any CPU
		{364B1559-CDAA-4CE7-9ADF-50C6DDBA5E5B}.Release|Any CPU.ActiveCfg = Release|Any CPU
		{364B1559-CDAA-4CE7-9ADF-50C6DDBA5E5B}.Release|Any CPU.Build.0 = Release|Any CPU
		{868FFC3E-9913-422D-8718-6B1BBAD84834}.Debug|Any CPU.ActiveCfg = Debug|Any CPU
		{868FFC3E-9913-422D-8718-6B1BBAD84834}.Debug|Any CPU.Build.0 = Debug|Any CPU
		{868FFC3E-9913-422D-8718-6B1BBAD84834}.Release|Any CPU.ActiveCfg = Release|Any CPU
		{868FFC3E-9913-422D-8718-6B1BBAD84834}.Release|Any CPU.Build.0 = Release|Any CPU
	EndGlobalSection
	GlobalSection(SolutionProperties) = preSolution
		HideSolutionNode = FALSE
	EndGlobalSection
	GlobalSection(ExtensibilityGlobals) = postSolution
		SolutionGuid = {2C5291E2-C7EE-4926-B124-CB41D86E05E3}
	EndGlobalSection
EndGlobal
